
Microsoft Visual Studio Solution File, Format Version 12.00
# Visual Studio 2015
Project("{FAE04EC0-301F-11D3-BF4B-00C04F79EFBC}") = "Assignment3_Aliens.CSharp", "Assignment3_Aliens.CSharp.csproj", "{742FC6D8-EE61-CBF3-6EB5-62750C09064A}"
EndProject
Project("{FAE04EC0-301F-11D3-BF4B-00C04F79EFBC}") = "Assignment3_Aliens.CSharp.Editor", "Assignment3_Aliens.CSharp.Editor.csproj", "{529E4BFB-549B-F9DB-EC09-109791410AF8}"
EndProject
Global
	GlobalSection(SolutionConfigurationPlatforms) = preSolution
		Debug|Any CPU = Debug|Any CPU
		Release|Any CPU = Release|Any CPU
	EndGlobalSection
	GlobalSection(ProjectConfigurationPlatforms) = postSolution
		{742FC6D8-EE61-CBF3-6EB5-62750C09064A}.Debug|Any CPU.ActiveCfg = Debug|Any CPU
		{742FC6D8-EE61-CBF3-6EB5-62750C09064A}.Debug|Any CPU.Build.0 = Debug|Any CPU
		{742FC6D8-EE61-CBF3-6EB5-62750C09064A}.Release|Any CPU.ActiveCfg = Release|Any CPU
		{742FC6D8-EE61-CBF3-6EB5-62750C09064A}.Release|Any CPU.Build.0 = Release|Any CPU
		{529E4BFB-549B-F9DB-EC09-109791410AF8}.Debug|Any CPU.ActiveCfg = Debug|Any CPU
		{529E4BFB-549B-F9DB-EC09-109791410AF8}.Debug|Any CPU.Build.0 = Debug|Any CPU
		{529E4BFB-549B-F9DB-EC09-109791410AF8}.Release|Any CPU.ActiveCfg = Release|Any CPU
		{529E4BFB-549B-F9DB-EC09-109791410AF8}.Release|Any CPU.Build.0 = Release|Any CPU
	EndGlobalSection
	GlobalSection(SolutionProperties) = preSolution
		HideSolutionNode = FALSE
	EndGlobalSection
EndGlobal
